version = 1
revision = 3
requires-python = ">=3.15"

[[package]]
name = "boto3"
version = "1.42.78"
source = { registry = "https://pypi.org/simple" }
dependencies = [
    { name = "botocore" },
    { name = "jmespath" },
    { name = "s3transfer" },
]
sdist = { url = "https://files.pythonhosted.org/packages/a8/2b/ebdad075934cf6bb78bf81fe31d83339bcd804ad6c856f7341376cbc88b6/boto3-1.42.78.tar.gz", hash = "sha256:cef2ebdb9be5c0e96822f8d3941ac4b816c90a5737a7ffb901d664c808964b63", size = 112789, upload-time = "2026-03-27T19:28:07.58Z" }
wheels = [
    { url = "https://files.pythonhosted.org/packages/57/bb/1f6dade1f1e86858bef7bd332bc8106c445f2dbabec7b32ab5d7d118c9b6/boto3-1.42.78-py3-none-any.whl", hash = "sha256:480a34a077484a5ca60124dfd150ba3ea6517fc89963a679e45b30c6db614d26", size = 140556, upload-time = "2026-03-27T19:28:06.125Z" },
]

[[package]]
name = "boto3-stubs"
version = "1.42.78"
source = { registry = "https://pypi.org/simple" }
dependencies = [
    { name = "botocore-stubs" },
    { name = "types-s3transfer" },
]
sdist = { url = "https://files.pythonhosted.org/packages/03/16/4bdb3c1f69bf7b97dd8b22fe5b007e9da67ba3f00ed10e47146f5fd9d0ff/boto3_stubs-1.42.78.tar.gz", hash = "sha256:423335b8ce9a935e404054978589cdb98d9fa1d4bd46073d6821bf1c3fad8ca7", size = 101602, upload-time = "2026-03-27T19:35:51.149Z" }
wheels = [
    { url = "https://files.pythonhosted.org/packages/22/d5/bdedd4951c795899ac5a1f0b88d81b9e2c6333cb87457f2edd11ef3b7b7b/boto3_stubs-1.42.78-py3-none-any.whl", hash = "sha256:6ed07e734174751da8d01031d9ede8d81a88e4338d9e6b00ce7a6bc870075372", size = 70161, upload-time = "2026-03-27T19:35:46.336Z" },
]

[package.optional-dependencies]
essential = [
    { name = "mypy-boto3-cloudformation" },
    { name = "mypy-boto3-dynamodb" },
    { name = "mypy-boto3-ec2" },
    { name = "mypy-boto3-lambda" },
    { name = "mypy-boto3-rds" },
    { name = "mypy-boto3-s3" },
    { name = "mypy-boto3-sqs" },
]

[[package]]
name = "botocore"
version = "1.42.78"
source = { registry = "https://pypi.org/simple" }
dependencies = [
    { name = "jmespath" },
    { name = "python-dateutil" },
    { name = "urllib3" },
]
sdist = { url = "https://files.pythonhosted.org/packages/67/8e/cdb34c8ca71216d214e049ada2148ee08bcda12b1ac72af3a720dea300ff/botocore-1.42.78.tar.gz", hash = "sha256:61cbd49728e23f68cfd945406ab40044d49abed143362f7ffa4a4f4bd4311791", size = 15023592, upload-time = "2026-03-27T19:27:57.122Z" }
wheels = [
    { url = "https://files.pythonhosted.org/packages/54/72/94bba1a375d45c685b00e051b56142359547837086a83861d76f6aec26f4/botocore-1.42.78-py3-none-any.whl", hash = "sha256:038ab63c7f898e8b5db58cb6a45e4da56c31dd984e7e995839a3540c735564ea", size = 14701729, upload-time = "2026-03-27T19:27:54.05Z" },
]

[[package]]
name = "botocore-stubs"
version = "1.42.41"
source = { registry = "https://pypi.org/simple" }
dependencies = [
    { name = "types-awscrt" },
]
sdist = { url = "https://files.pythonhosted.org/packages/0c/a8/a26608ff39e3a5866c6c79eda10133490205cbddd45074190becece3ff2a/botocore_stubs-1.42.41.tar.gz", hash = "sha256:dbeac2f744df6b814ce83ec3f3777b299a015cbea57a2efc41c33b8c38265825", size = 42411, upload-time = "2026-02-03T20:46:14.479Z" }
wheels = [
    { url = "https://files.pythonhosted.org/packages/32/76/cab7af7f16c0b09347f2ebe7ffda7101132f786acb767666dce43055faab/botocore_stubs-1.42.41-py3-none-any.whl", hash = "sha256:9423110fb0e391834bd2ed44ae5f879d8cb370a444703d966d30842ce2bcb5f0", size = 66759, upload-time = "2026-02-03T20:46:13.02Z" },
]

[[package]]
name = "jmespath"
version = "1.1.0"
source = { registry = "https://pypi.org/simple" }
sdist = { url = "https://files.pythonhosted.org/packages/d3/59/322338183ecda247fb5d1763a6cbe46eff7222eaeebafd9fa65d4bf5cb11/jmespath-1.1.0.tar.gz", hash = "sha256:472c87d80f36026ae83c6ddd0f1d05d4e510134ed462851fd5f754c8c3cbb88d", size = 27377, upload-time = "2026-01-22T16:35:26.279Z" }
wheels = [
    { url = "https://files.pythonhosted.org/packages/14/2f/967ba146e6d58cf6a652da73885f52fc68001525b4197effc174321d70b4/jmespath-1.1.0-py3-none-any.whl", hash = "sha256:a5663118de4908c91729bea0acadca56526eb2698e83de10cd116ae0f4e97c64", size = 20419, upload-time = "2026-01-22T16:35:24.919Z" },
]

[[package]]
name = "lambdas"
version = "0.1.0"
source = { virtual = "." }
dependencies = [
    { name = "boto3" },
    { name = "boto3-stubs", extra = ["essential"] },
]

[package.metadata]
requires-dist = [
    { name = "boto3", specifier = ">=1.42.78" },
    { name = "boto3-stubs", extras = ["essential"], specifier = ">=1.42.78" },
]

[[package]]
name = "mypy-boto3-cloudformation"
version = "1.42.3"
source = { registry = "https://pypi.org/simple" }
sdist = { url = "https://files.pythonhosted.org/packages/4c/6a/5a56081f693680fae9a0cf5d04358a9c69b7c06fc36605192acfcc70da75/mypy_boto3_cloudformation-1.42.3.tar.gz", hash = "sha256:3bd3849bc89a371d4c368691535b320244ba00579cddd63bb58b73f28d70e510", size = 61118, upload-time = "2025-12-04T20:57:30.382Z" }
wheels = [
    { url = "https://files.pythonhosted.org/packages/76/4b/97b5a89b5c5ca057180901859a7cea1f163e1bef1e1ccff61a731b0db6a0/mypy_boto3_cloudformation-1.42.3-py3-none-any.whl", hash = "sha256:d4c802dd78844f10e944143b9f40c2c1199ed5f57f3540ab7bfc2281ac5bcaf0", size = 72126, upload-time = "2025-12-04T20:57:27.664Z" },
]

[[package]]
name = "mypy-boto3-dynamodb"
version = "1.42.73"
source = { registry = "https://pypi.org/simple" }
sdist = { url = "https://files.pythonhosted.org/packages/70/a2/fc93b44ed07322ede4cc45c6c66370ff53ad8a195b95f9f80d1edbb7735a/mypy_boto3_dynamodb-1.42.73.tar.gz", hash = "sha256:3fd9e093a8c982a53d55f6ac3d109d89957fe82b5c7ece65f27b772ed7a5ca9b", size = 48723, upload-time = "2026-03-20T19:59:32.033Z" }
wheels = [
    { url = "https://files.pythonhosted.org/packages/6a/41/f4ececbceb13d1c2fbc1cfee56d65231c98b19f4d0b41baf3ab5d88b6863/mypy_boto3_dynamodb-1.42.73-py3-none-any.whl", hash = "sha256:2df84f71ff41fba5f12e803be19c4483daa64ba030fc9d62ba5e5f9f09a4def8", size = 58828, upload-time = "2026-03-20T19:59:24.878Z" },
]

[[package]]
name = "mypy-boto3-ec2"
version = "1.42.72"
source = { registry = "https://pypi.org/simple" }
sdist = { url = "https://files.pythonhosted.org/packages/46/c5/0e2bb8810bdedd5efd89415a708fa31912f934c8b77ec3b448a50cb0f6f6/mypy_boto3_ec2-1.42.72.tar.gz", hash = "sha256:50f145404c6761334c5d4314d0ca233e558c6bc57a6831bdb5eeb2bb8eb81799", size = 441802, upload-time = "2026-03-19T21:30:23.414Z" }
wheels = [
    { url = "https://files.pythonhosted.org/packages/0b/00/c7784c46ad1d5bede6a946cffd42ca7e07aa8608a029c1282483536eacbe/mypy_boto3_ec2-1.42.72-py3-none-any.whl", hash = "sha256:ed6d61171ae188ff90540fb326ef87925dc60eedc2f9e65b98d05a487b6c26f6", size = 431076, upload-time = "2026-03-19T21:30:19.294Z" },
]

[[package]]
name = "mypy-boto3-lambda"
version = "1.42.37"
source = { registry = "https://pypi.org/simple" }
sdist = { url = "https://files.pythonhosted.org/packages/f6/a8/caec8f9a196143f991c603b9364b0a1300b5c54d0c833c6c1dc792b3050c/mypy_boto3_lambda-1.42.37.tar.gz", hash = "sha256:94f7f0708f9b5ffa5b8b3eb6d564be1ef402ebb8b8cd96045332b7a3bc1ea0e0", size = 51821, upload-time = "2026-01-28T20:51:44.74Z" }
wheels = [
    { url = "https://files.pythonhosted.org/packages/b8/4c/d172fac61aa689c96fe286e7adb9774e5094f5c0a52fa1a6888699b47d7f/mypy_boto3_lambda-1.42.37-py3-none-any.whl", hash = "sha256:9614518cbe3c300d3d1e2d9c3d857c3829c44a8544c4cd4ca393d35181b22619", size = 60175, upload-time = "2026-01-28T20:51:39.865Z" },
]

[[package]]
name = "mypy-boto3-rds"
version = "1.42.75"
source = { registry = "https://pypi.org/simple" }
sdist = { url = "https://files.pythonhosted.org/packages/52/aa/ce727ee352b7b49709bd77323c453b315c2f575d722d73e177e43a89bcb0/mypy_boto3_rds-1.42.75.tar.gz", hash = "sha256:319fba3ad1f529d3cfb4bc8d75a762ec9b3567f1379dca940a7a47e7a89c3876", size = 86525, upload-time = "2026-03-24T21:54:05.731Z" }
wheels = [
    { url = "https://files.pythonhosted.org/packages/a7/ee/fa5e11354fab63ddb97bd33a072d704588cd894def53ecf73de8857ddca8/mypy_boto3_rds-1.42.75-py3-none-any.whl", hash = "sha256:360a0e0304b6f7bf7c3ce951bef6da3be20ed82c37806de93c82bfa780022351", size = 93206, upload-time = "2026-03-24T21:54:02.149Z" },
]

[[package]]
name = "mypy-boto3-s3"
version = "1.42.67"
source = { registry = "https://pypi.org/simple" }
sdist = { url = "https://files.pythonhosted.org/packages/90/b3/d2cdd49f272add9a178a1a238f6bdd80f0e6b503506b002e727ba699f23a/mypy_boto3_s3-1.42.67.tar.gz", hash = "sha256:3a3a918a9949f2d6f8071d490b8968ddce634aa19590697537e5189cbdca403e", size = 76415, upload-time = "2026-03-12T20:02:08.476Z" }
wheels = [
    { url = "https://files.pythonhosted.org/packages/b1/a5/7d4a7bb51c7bb9b188f306555bfcf5537c7f0524964350ff9d04d86e0786/mypy_boto3_s3-1.42.67-py3-none-any.whl", hash = "sha256:93208799734611da4caa5fa8f5ce677b62758ddcd34b737b9f7ae471d179b95e", size = 83570, upload-time = "2026-03-12T20:02:04.391Z" },
]

[[package]]
name = "mypy-boto3-sqs"
version = "1.42.3"
source = { registry = "https://pypi.org/simple" }
sdist = { url = "https://files.pythonhosted.org/packages/e8/e4/e326b1072218996c5cb4c3969eb4bbf1fb67a89937974febdebe7bf9d98a/mypy_boto3_sqs-1.42.3.tar.gz", hash = "sha256:699995b9a6f69a97c6d3e9126a76f06751e3b405640174fe7c20fe71d9ddc82a", size = 23267, upload-time = "2025-12-04T21:13:27.326Z" }
wheels = [
    { url = "https://files.pythonhosted.org/packages/00/fb/216fe53352b7f4abfafe25bb38a1cdba224b0280d552c789da592aa21bd2/mypy_boto3_sqs-1.42.3-py3-none-any.whl", hash = "sha256:a1f4ddf8f84112931a4814f0b5ff63e3ec026a07fbbc68e60bf15fa697dc214e", size = 33507, upload-time = "2025-12-04T21:13:23.725Z" },
]

[[package]]
name = "python-dateutil"
version = "2.9.0.post0"
source = { registry = "https://pypi.org/simple" }
dependencies = [
    { name = "six" },
]
sdist = { url = "https://files.pythonhosted.org/packages/66/c0/0c8b6ad9f17a802ee498c46e004a0eb49bc148f2fd230864601a86dcf6db/python-dateutil-2.9.0.post0.tar.gz", hash = "sha256:37dd54208da7e1cd875388217d5e00ebd4179249f90fb72437e91a35459a0ad3", size = 342432, upload-time = "2024-03-01T18:36:20.211Z" }
wheels = [
    { url = "https://files.pythonhosted.org/packages/ec/57/56b9bcc3c9c6a792fcbaf139543cee77261f3651ca9da0c93f5c1221264b/python_dateutil-2.9.0.post0-py2.py3-none-any.whl", hash = "sha256:a8b2bc7bffae282281c8140a97d3aa9c14da0b136dfe83f850eea9a5f7470427", size = 229892, upload-time = "2024-03-01T18:36:18.57Z" },
]

[[package]]
name = "s3transfer"
version = "0.16.0"
source = { registry = "https://pypi.org/simple" }
dependencies = [
    { name = "botocore" },
]
sdist = { url = "https://files.pythonhosted.org/packages/05/04/74127fc843314818edfa81b5540e26dd537353b123a4edc563109d8f17dd/s3transfer-0.16.0.tar.gz", hash = "sha256:8e990f13268025792229cd52fa10cb7163744bf56e719e0b9cb925ab79abf920", size = 153827, upload-time = "2025-12-01T02:30:59.114Z" }
wheels = [
    { url = "https://files.pythonhosted.org/packages/fc/51/727abb13f44c1fcf6d145979e1535a35794db0f6e450a0cb46aa24732fe2/s3transfer-0.16.0-py3-none-any.whl", hash = "sha256:18e25d66fed509e3868dc1572b3f427ff947dd2c56f844a5bf09481ad3f3b2fe", size = 86830, upload-time = "2025-12-01T02:30:57.729Z" },
]

[[package]]
name = "six"
version = "1.17.0"
source = { registry = "https://pypi.org/simple" }
sdist = { url = "https://files.pythonhosted.org/packages/94/e7/b2c673351809dca68a0e064b6af791aa332cf192da575fd474ed7d6f16a2/six-1.17.0.tar.gz", hash = "sha256:ff70335d468e7eb6ec65b95b99d3a2836546063f63acc5171de367e834932a81", size = 34031, upload-time = "2024-12-04T17:35:28.174Z" }
wheels = [
    { url = "https://files.pythonhosted.org/packages/b7/ce/149a00dd41f10bc29e5921b496af8b574d8413afcd5e30dfa0ed46c2cc5e/six-1.17.0-py2.py3-none-any.whl", hash = "sha256:4721f391ed90541fddacab5acf947aa0d3dc7d27b2e1e8eda2be8970586c3274", size = 11050, upload-time = "2024-12-04T17:35:26.475Z" },
]

[[package]]
name = "types-awscrt"
version = "0.31.3"
source = { registry = "https://pypi.org/simple" }
sdist = { url = "https://files.pythonhosted.org/packages/76/26/0aa563e229c269c528a3b8c709fc671ac2a5c564732fab0852ac6ee006cf/types_awscrt-0.31.3.tar.gz", hash = "sha256:09d3eaf00231e0f47e101bd9867e430873bc57040050e2a3bd8305cb4fc30865", size = 18178, upload-time = "2026-03-08T02:31:14.569Z" }
wheels = [
    { url = "https://files.pythonhosted.org/packages/3e/e5/47a573bbbd0a790f8f9fe452f7188ea72b212d21c9be57d5fc0cbc442075/types_awscrt-0.31.3-py3-none-any.whl", hash = "sha256:e5ce65a00a2ab4f35eacc1e3d700d792338d56e4823ee7b4dbe017f94cfc4458", size = 43340, upload-time = "2026-03-08T02:31:13.38Z" },
]

[[package]]
name = "types-s3transfer"
version = "0.16.0"
source = { registry = "https://pypi.org/simple" }
sdist = { url = "https://files.pythonhosted.org/packages/fe/64/42689150509eb3e6e82b33ee3d89045de1592488842ddf23c56957786d05/types_s3transfer-0.16.0.tar.gz", hash = "sha256:b4636472024c5e2b62278c5b759661efeb52a81851cde5f092f24100b1ecb443", size = 13557, upload-time = "2025-12-08T08:13:09.928Z" }
wheels = [
    { url = "https://files.pythonhosted.org/packages/98/27/e88220fe6274eccd3bdf95d9382918716d312f6f6cef6a46332d1ee2feff/types_s3transfer-0.16.0-py3-none-any.whl", hash = "sha256:1c0cd111ecf6e21437cb410f5cddb631bfb2263b77ad973e79b9c6d0cb24e0ef", size = 19247, upload-time = "2025-12-08T08:13:08.426Z" },
]

[[package]]
name = "urllib3"
version = "2.6.3"
source = { registry = "https://pypi.org/simple" }
sdist = { url = "https://files.pythonhosted.org/packages/c7/24/5f1b3bdffd70275f6661c76461e25f024d5a38a46f04aaca912426a2b1d3/urllib3-2.6.3.tar.gz", hash = "sha256:1b62b6884944a57dbe321509ab94fd4d3b307075e0c2eae991ac71ee15ad38ed", size = 435556, upload-time = "2026-01-07T16:24:43.925Z" }
wheels = [
    { url = "https://files.pythonhosted.org/packages/39/08/aaaad47bc4e9dc8c725e68f9d04865dbcb2052843ff09c97b08904852d84/urllib3-2.6.3-py3-none-any.whl", hash = "sha256:bf272323e553dfb2e87d9bfd225ca7b0f467b919d7bbd355436d3fd37cb0acd4", size = 131584, upload-time = "2026-01-07T16:24:42.685Z" },
]
